Microsoft Visual Studio Solution File, Format Version 11.00
# Visual Studio 2008

Project("{F6979E72-028A-54B5-CC5F-669254F20B80}") = "explorAR", "Assembly-CSharp.csproj", "{DBCB7C56-E93C-2C77-6C0F-C4351A745234}"
EndProject
Project("{F6979E72-028A-54B5-CC5F-669254F20B80}") = "explorAR", "Assembly-CSharp-Editor.csproj", "{4759A0A8-280A-F7A3-5E98-259DED3BFE94}"
EndProject
Project("{F6979E72-028A-54B5-CC5F-669254F20B80}") = "explorAR", "Assembly-UnityScript-Editor-firstpass.unityproj", "{77539165-A9CF-E031-F73E-0B1F0A60458C}"
EndProject
Global
	GlobalSection(SolutionConfigurationPlatforms) = preSolution
		Debug|Any CPU = Debug|Any CPU
		Release|Any CPU = Release|Any CPU
	EndGlobalSection
	GlobalSection(ProjectConfigurationPlatforms) = postSolution
		{DBCB7C56-E93C-2C77-6C0F-C4351A745234}.Debug|Any CPU.ActiveCfg = Debug|Any CPU
		{DBCB7C56-E93C-2C77-6C0F-C4351A745234}.Debug|Any CPU.Build.0 = Debug|Any CPU
		{DBCB7C56-E93C-2C77-6C0F-C4351A745234}.Release|Any CPU.ActiveCfg = Release|Any CPU
		{DBCB7C56-E93C-2C77-6C0F-C4351A745234}.Release|Any CPU.Build.0 = Release|Any CPU
		{4759A0A8-280A-F7A3-5E98-259DED3BFE94}.Debug|Any CPU.ActiveCfg = Debug|Any CPU
		{4759A0A8-280A-F7A3-5E98-259DED3BFE94}.Debug|Any CPU.Build.0 = Debug|Any CPU
		{4759A0A8-280A-F7A3-5E98-259DED3BFE94}.Release|Any CPU.ActiveCfg = Release|Any CPU
		{4759A0A8-280A-F7A3-5E98-259DED3BFE94}.Release|Any CPU.Build.0 = Release|Any CPU
		{77539165-A9CF-E031-F73E-0B1F0A60458C}.Debug|Any CPU.ActiveCfg = Debug|Any CPU
		{77539165-A9CF-E031-F73E-0B1F0A60458C}.Debug|Any CPU.Build.0 = Debug|Any CPU
		{77539165-A9CF-E031-F73E-0B1F0A60458C}.Release|Any CPU.ActiveCfg = Release|Any CPU
		{77539165-A9CF-E031-F73E-0B1F0A60458C}.Release|Any CPU.Build.0 = Release|Any CPU
	EndGlobalSection
	GlobalSection(SolutionProperties) = preSolution
		HideSolutionNode = FALSE
	EndGlobalSection
	GlobalSection(MonoDevelopProperties) = preSolution
		StartupItem = Assembly-CSharp.csproj
	EndGlobalSection
EndGlobal
